
Microsoft Visual Studio Solution File, Format Version 12.00
# Visual Studio Version 16
VisualStudioVersion = 16.0.31019.35
MinimumVisualStudioVersion = 10.0.40219.1
Project("{FAE04EC0-301F-11D3-BF4B-00C04F79EFBC}") = "Pro code editor", "Pro code editor.csproj", "{7EC295C3-F230-46C4-A2DF-6839F218B351}"
EndProject
Global
	GlobalSection(SolutionConfigurationPlatforms) = preSolution
		Debug|Any CPU = Debug|Any CPU
		Release|Any CPU = Release|Any CPU
	EndGlobalSection
	GlobalSection(ProjectConfigurationPlatforms) = postSolution
		{7EC295C3-F230-46C4-A2DF-6839F218B351}.Debug|Any CPU.ActiveCfg = Debug|Any CPU
		{7EC295C3-F230-46C4-A2DF-6839F218B351}.Debug|Any CPU.Build.0 = Debug|Any CPU
		{7EC295C3-F230-46C4-A2DF-6839F218B351}.Release|Any CPU.ActiveCfg = Release|Any CPU
		{7EC295C3-F230-46C4-A2DF-6839F218B351}.Release|Any CPU.Build.0 = Release|Any CPU
	EndGlobalSection
	GlobalSection(SolutionProperties) = preSolution
		HideSolutionNode = FALSE
	EndGlobalSection
	GlobalSection(ExtensibilityGlobals) = postSolution
		SolutionGuid = {CF85081E-5BEA-4AE2-9F86-C24FE4AB26E8}
	EndGlobalSection
EndGlobal
